// !$*UTF8*$!
{
	archiveVersion = 1;
	classes = {
	};
	objectVersion = 46;
	objects = {

/* Begin PBXBuildFile section */
		25AE47C22D5F2DB8C7B0FBD8 /* Pods_Pokedex.framework in Frameworks */ = {isa = PBXBuildFile; fileRef = 4A2C69D37831E0F409E339E7 /* Pods_Pokedex.framework */; };
		C692CFCD1ED9853000A80D11 /* AppDelegate.swift in Sources */ = {isa = PBXBuildFile; fileRef = C692CFCC1ED9853000A80D11 /* AppDelegate.swift */; };
		C692CFCF1ED9853000A80D11 /* MainViewController.swift in Sources */ = {isa = PBXBuildFile; fileRef = C692CFCE1ED9853000A80D11 /* MainViewController.swift */; };
		C692CFD21ED9853000A80D11 /* Main.storyboard in Resources */ = {isa = PBXBuildFile; fileRef = C692CFD01ED9853000A80D11 /* Main.storyboard */; };
		C692CFD41ED9853000A80D11 /* Assets.xcassets in Resources */ = {isa = PBXBuildFile; fileRef = C692CFD31ED9853000A80D11 /* Assets.xcassets */; };
		C692CFD71ED9853000A80D11 /* LaunchScreen.storyboard in Resources */ = {isa = PBXBuildFile; fileRef = C692CFD51ED9853000A80D11 /* LaunchScreen.storyboard */; };
		C692CFE31ED999BC00A80D11 /* PokeDexCollectionViewCell.swift in Sources */ = {isa = PBXBuildFile; fileRef = C692CFE21ED999BC00A80D11 /* PokeDexCollectionViewCell.swift */; };
		C692CFE71ED9B28000A80D11 /* CSVParser.swift in Sources */ = {isa = PBXBuildFile; fileRef = C692CFE61ED9B28000A80D11 /* CSVParser.swift */; };
		C692CFE91ED9B2CC00A80D11 /* pokemon.csv in Resources */ = {isa = PBXBuildFile; fileRef = C692CFE81ED9B2CC00A80D11 /* pokemon.csv */; };
		C692CFEB1ED9BA1A00A80D11 /* Pokemon.swift in Sources */ = {isa = PBXBuildFile; fileRef = C692CFEA1ED9BA1A00A80D11 /* Pokemon.swift */; };
		C692CFED1ED9D52000A80D11 /* Constants.swift in Sources */ = {isa = PBXBuildFile; fileRef = C692CFEC1ED9D52000A80D11 /* Constants.swift */; };
		C692CFEF1ED9D72800A80D11 /* DetailViewController.swift in Sources */ = {isa = PBXBuildFile; fileRef = C692CFEE1ED9D72800A80D11 /* DetailViewController.swift */; };
/* End PBXBuildFile section */

/* Begin PBXFileReference section */
		4A2C69D37831E0F409E339E7 /* Pods_Pokedex.framework */ = {isa = PBXFileReference; explicitFileType = wrapper.framework; includeInIndex = 0; path = Pods_Pokedex.framework; sourceTree = BUILT_PRODUCTS_DIR; };
		5B31A06CBBAA807D699FC38B /* Pods-Pokedex.release.xcconfig */ = {isa = PBXFileReference; includeInIndex = 1; lastKnownFileType = text.xcconfig; name = "Pods-Pokedex.release.xcconfig"; path = "Pods/Target Support Files/Pods-Pokedex/Pods-Pokedex.release.xcconfig"; sourceTree = "<group>"; };
		AF685FDBF371D411F564A815 /* Pods-Pokedex.debug.xcconfig */ = {isa = PBXFileReference; includeInIndex = 1; lastKnownFileType = text.xcconfig; name = "Pods-Pokedex.debug.xcconfig"; path = "Pods/Target Support Files/Pods-Pokedex/Pods-Pokedex.debug.xcconfig"; sourceTree = "<group>"; };
		C692CFC91ED9853000A80D11 /* Pokedex.app */ = {isa = PBXFileReference; explicitFileType = wrapper.application; includeInIndex = 0; path = Pokedex.app; sourceTree = BUILT_PRODUCTS_DIR; };
		C692CFCC1ED9853000A80D11 /* AppDelegate.swift */ = {isa = PBXFileReference; lastKnownFileType = sourcecode.swift; path = AppDelegate.swift; sourceTree = "<group>"; };
		C692CFCE1ED9853000A80D11 /* MainViewController.swift */ = {isa = PBXFileReference; lastKnownFileType = sourcecode.swift; path = MainViewController.swift; sourceTree = "<group>"; };
		C692CFD11ED9853000A80D11 /* Base */ = {isa = PBXFileReference; lastKnownFileType = file.storyboard; name = Base; path = Base.lproj/Main.storyboard; sourceTree = "<group>"; };
		C692CFD31ED9853000A80D11 /* Assets.xcassets */ = {isa = PBXFileReference; lastKnownFileType = folder.assetcatalog; path = Assets.xcassets; sourceTree = "<group>"; };
		C692CFD61ED9853000A80D11 /* Base */ = {isa = PBXFileReference; lastKnownFileType = file.storyboard; name = Base; path = Base.lproj/LaunchScreen.storyboard; sourceTree = "<group>"; };
		C692CFD81ED9853000A80D11 /* Info.plist */ = {isa = PBXFileReference; lastKnownFileType = text.plist.xml; path = Info.plist; sourceTree = "<group>"; };
		C692CFE21ED999BC00A80D11 /* PokeDexCollectionViewCell.swift */ = {isa = PBXFileReference; fileEncoding = 4; lastKnownFileType = sourcecode.swift; path = PokeDexCollectionViewCell.swift; sourceTree = "<group>"; };
		C692CFE61ED9B28000A80D11 /* CSVParser.swift */ = {isa = PBXFileReference; fileEncoding = 4; lastKnownFileType = sourcecode.swift; path = CSVParser.swift; sourceTree = "<group>"; };
		C692CFE81ED9B2CC00A80D11 /* pokemon.csv */ = {isa = PBXFileReference; fileEncoding = 4; lastKnownFileType = text; path = pokemon.csv; sourceTree = "<group>"; };
		C692CFEA1ED9BA1A00A80D11 /* Pokemon.swift */ = {isa = PBXFileReference; fileEncoding = 4; lastKnownFileType = sourcecode.swift; path = Pokemon.swift; sourceTree = "<group>"; };
		C692CFEC1ED9D52000A80D11 /* Constants.swift */ = {isa = PBXFileReference; fileEncoding = 4; lastKnownFileType = sourcecode.swift; path = Constants.swift; sourceTree = "<group>"; };
		C692CFEE1ED9D72800A80D11 /* DetailViewController.swift */ = {isa = PBXFileReference; fileEncoding = 4; lastKnownFileType = sourcecode.swift; path = DetailViewController.swift; sourceTree = "<group>"; };
/* End PBXFileReference section */

/* Begin PBXFrameworksBuildPhase section */
		C692CFC61ED9852F00A80D11 /* Frameworks */ = {
			isa = PBXFrameworksBuildPhase;
			buildActionMask = 2147483647;
			files = (
				25AE47C22D5F2DB8C7B0FBD8 /* Pods_Pokedex.framework in Frameworks */,
			);
			runOnlyForDeploymentPostprocessing = 0;
		};
/* End PBXFrameworksBuildPhase section */

/* Begin PBXGroup section */
		87719386DC462DAA858AA3D2 /* Pods */ = {
			isa = PBXGroup;
			children = (
				AF685FDBF371D411F564A815 /* Pods-Pokedex.debug.xcconfig */,
				5B31A06CBBAA807D699FC38B /* Pods-Pokedex.release.xcconfig */,
			);
			name = Pods;
			sourceTree = "<group>";
		};
		BC8F8FCB4B04048977E7CD96 /* Frameworks */ = {
			isa = PBXGroup;
			children = (
				4A2C69D37831E0F409E339E7 /* Pods_Pokedex.framework */,
			);
			name = Frameworks;
			sourceTree = "<group>";
		};
		C692CFC01ED9852F00A80D11 = {
			isa = PBXGroup;
			children = (
				C692CFCB1ED9853000A80D11 /* Pokedex */,
				C692CFCA1ED9853000A80D11 /* Products */,
				87719386DC462DAA858AA3D2 /* Pods */,
				BC8F8FCB4B04048977E7CD96 /* Frameworks */,
			);
			sourceTree = "<group>";
		};
		C692CFCA1ED9853000A80D11 /* Products */ = {
			isa = PBXGroup;
			children = (
				C692CFC91ED9853000A80D11 /* Pokedex.app */,
			);
			name = Products;
			sourceTree = "<group>";
		};
		C692CFCB1ED9853000A80D11 /* Pokedex */ = {
			isa = PBXGroup;
			children = (
				C692CFE81ED9B2CC00A80D11 /* pokemon.csv */,
				C692CFE51ED9AFE400A80D11 /* utils */,
				C692CFE41ED9AFDE00A80D11 /* model */,
				C692CFDF1ED9994400A80D11 /* viewcontroller */,
				C692CFDE1ED9993400A80D11 /* view */,
				C692CFCC1ED9853000A80D11 /* AppDelegate.swift */,
				C692CFD01ED9853000A80D11 /* Main.storyboard */,
				C692CFD31ED9853000A80D11 /* Assets.xcassets */,
				C692CFD51ED9853000A80D11 /* LaunchScreen.storyboard */,
				C692CFD81ED9853000A80D11 /* Info.plist */,
			);
			path = Pokedex;
			sourceTree = "<group>";
		};
		C692CFDE1ED9993400A80D11 /* view */ = {
			isa = PBXGroup;
			children = (
				C692CFE21ED999BC00A80D11 /* PokeDexCollectionViewCell.swift */,
			);
			name = view;
			sourceTree = "<group>";
		};
		C692CFDF1ED9994400A80D11 /* viewcontroller */ = {
			isa = PBXGroup;
			children = (
				C692CFCE1ED9853000A80D11 /* MainViewController.swift */,
				C692CFEE1ED9D72800A80D11 /* DetailViewController.swift */,
			);
			name = viewcontroller;
			sourceTree = "<group>";
		};
		C692CFE41ED9AFDE00A80D11 /* model */ = {
			isa = PBXGroup;
			children = (
				C692CFEA1ED9BA1A00A80D11 /* Pokemon.swift */,
			);
			name = model;
			sourceTree = "<group>";
		};
		C692CFE51ED9AFE400A80D11 /* utils */ = {
			isa = PBXGroup;
			children = (
				C692CFE61ED9B28000A80D11 /* CSVParser.swift */,
				C692CFEC1ED9D52000A80D11 /* Constants.swift */,
			);
			name = utils;
			sourceTree = "<group>";
		};
/* End PBXGroup section */

/* Begin PBXNativeTarget section */
		C692CFC81ED9852F00A80D11 /* Pokedex */ = {
			isa = PBXNativeTarget;
			buildConfigurationList = C692CFDB1ED9853000A80D11 /* Build configuration list for PBXNativeTarget "Pokedex" */;
			buildPhases = (
				EFA22787284919DC7B748267 /* [CP] Check Pods Manifest.lock */,
				C692CFC51ED9852F00A80D11 /* Sources */,
				C692CFC61ED9852F00A80D11 /* Frameworks */,
				C692CFC71ED9852F00A80D11 /* Resources */,
				E3BD5EE9E676C5E5FEEB9579 /* [CP] Embed Pods Frameworks */,
				EC656B788D3F00229BA78581 /* [CP] Copy Pods Resources */,
			);
			buildRules = (
			);
			dependencies = (
			);
			name = Pokedex;
			productName = Pokedex;
			productReference = C692CFC91ED9853000A80D11 /* Pokedex.app */;
			productType = "com.apple.product-type.application";
		};
/* End PBXNativeTarget section */

/* Begin PBXProject section */
		C692CFC11ED9852F00A80D11 /* Project object */ = {
			isa = PBXProject;
			attributes = {
				LastSwiftUpdateCheck = 0820;
				LastUpgradeCheck = 0820;
				ORGANIZATIONNAME = "Abdul-Mujib Aliu";
				TargetAttributes = {
					C692CFC81ED9852F00A80D11 = {
						CreatedOnToolsVersion = 8.2.1;
						DevelopmentTeam = V5L9D6NWDM;
						ProvisioningStyle = Automatic;
					};
				};
			};
			buildConfigurationList = C692CFC41ED9852F00A80D11 /* Build configuration list for PBXProject "Pokedex" */;
			compatibilityVersion = "Xcode 3.2";
			developmentRegion = English;
			hasScannedForEncodings = 0;
			knownRegions = (
				en,
				Base,
			);
			mainGroup = C692CFC01ED9852F00A80D11;
			productRefGroup = C692CFCA1ED9853000A80D11 /* Products */;
			projectDirPath = "";
			projectRoot = "";
			targets = (
				C692CFC81ED9852F00A80D11 /* Pokedex */,
			);
		};
/* End PBXProject section */

/* Begin PBXResourcesBuildPhase section */
		C692CFC71ED9852F00A80D11 /* Resources */ = {
			isa = PBXResourcesBuildPhase;
			buildActionMask = 2147483647;
			files = (
				C692CFD71ED9853000A80D11 /* LaunchScreen.storyboard in Resources */,
				C692CFD41ED9853000A80D11 /* Assets.xcassets in Resources */,
				C692CFE91ED9B2CC00A80D11 /* pokemon.csv in Resources */,
				C692CFD21ED9853000A80D11 /* Main.storyboard in Resources */,
			);
			runOnlyForDeploymentPostprocessing = 0;
		};
/* End PBXResourcesBuildPhase section */

/* Begin PBXShellScriptBuildPhase section */
		E3BD5EE9E676C5E5FEEB9579 /* [CP] Embed Pods Frameworks */ = {
			isa = PBXShellScriptBuildPhase;
			buildActionMask = 2147483647;
			files = (
			);
			inputPaths = (
			);
			name = "[CP] Embed Pods Frameworks";
			outputPaths = (
			);
			runOnlyForDeploymentPostprocessing = 0;
			shellPath = /bin/sh;
			shellScript = "\"${SRCROOT}/Pods/Target Support Files/Pods-Pokedex/Pods-Pokedex-frameworks.sh\"\n";
			showEnvVarsInLog = 0;
		};
		EC656B788D3F00229BA78581 /* [CP] Copy Pods Resources */ = {
			isa = PBXShellScriptBuildPhase;
			buildActionMask = 2147483647;
			files = (
			);
			inputPaths = (
			);
			name = "[CP] Copy Pods Resources";
			outputPaths = (
			);
			runOnlyForDeploymentPostprocessing = 0;
			shellPath = /bin/sh;
			shellScript = "\"${SRCROOT}/Pods/Target Support Files/Pods-Pokedex/Pods-Pokedex-resources.sh\"\n";
			showEnvVarsInLog = 0;
		};
		EFA22787284919DC7B748267 /* [CP] Check Pods Manifest.lock */ = {
			isa = PBXShellScriptBuildPhase;
			buildActionMask = 2147483647;
			files = (
			);
			inputPaths = (
			);
			name = "[CP] Check Pods Manifest.lock";
			outputPaths = (
			);
			runOnlyForDeploymentPostprocessing = 0;
			shellPath = /bin/sh;
			shellScript = "diff \"${PODS_ROOT}/../Podfile.lock\" \"${PODS_ROOT}/Manifest.lock\" > /dev/null\nif [ $? != 0 ] ; then\n    # print error to STDERR\n    echo \"error: The sandbox is not in sync with the Podfile.lock. Run 'pod install' or update your CocoaPods installation.\" >&2\n    exit 1\nfi\n";
			showEnvVarsInLog = 0;
		};
/* End PBXShellScriptBuildPhase section */

/* Begin PBXSourcesBuildPhase section */
		C692CFC51ED9852F00A80D11 /* Sources */ = {
			isa = PBXSourcesBuildPhase;
			buildActionMask = 2147483647;
			files = (
				C692CFEB1ED9BA1A00A80D11 /* Pokemon.swift in Sources */,
				C692CFCF1ED9853000A80D11 /* MainViewController.swift in Sources */,
				C692CFCD1ED9853000A80D11 /* AppDelegate.swift in Sources */,
				C692CFE31ED999BC00A80D11 /* PokeDexCollectionViewCell.swift in Sources */,
				C692CFE71ED9B28000A80D11 /* CSVParser.swift in Sources */,
				C692CFED1ED9D52000A80D11 /* Constants.swift in Sources */,
				C692CFEF1ED9D72800A80D11 /* DetailViewController.swift in Sources */,
			);
			runOnlyForDeploymentPostprocessing = 0;
		};
/* End PBXSourcesBuildPhase section */

/* Begin PBXVariantGroup section */
		C692CFD01ED9853000A80D11 /* Main.storyboard */ = {
			isa = PBXVariantGroup;
			children = (
				C692CFD11ED9853000A80D11 /* Base */,
			);
			name = Main.storyboard;
			sourceTree = "<group>";
		};
		C692CFD51ED9853000A80D11 /* LaunchScreen.storyboard */ = {
			isa = PBXVariantGroup;
			children = (
				C692CFD61ED9853000A80D11 /* Base */,
			);
			name = LaunchScreen.storyboard;
			sourceTree = "<group>";
		};
/* End PBXVariantGroup section */

/* Begin XCBuildConfiguration section */
		C692CFD91ED9853000A80D11 /* Debug */ = {
			isa = XCBuildConfiguration;
			buildSettings = {
				ALWAYS_SEARCH_USER_PATHS = NO;
				CLANG_ANALYZER_NONNULL = YES;
				CLANG_CXX_LANGUAGE_STANDARD = "gnu++0x";
				CLANG_CXX_LIBRARY = "libc++";
				CLANG_ENABLE_MODULES = YES;
				CLANG_ENABLE_OBJC_ARC = YES;
				CLANG_WARN_BOOL_CONVERSION = YES;
				CLANG_WARN_CONSTANT_CONVERSION = YES;
				CLANG_WARN_DIRECT_OBJC_ISA_USAGE = YES_ERROR;
				CLANG_WARN_DOCUMENTATION_COMMENTS = YES;
				CLANG_WARN_EMPTY_BODY = YES;
				CLANG_WARN_ENUM_CONVERSION = YES;
				CLANG_WARN_INFINITE_RECURSION = YES;
				CLANG_WARN_INT_CONVERSION = YES;
				CLANG_WARN_OBJC_ROOT_CLASS = YES_ERROR;
				CLANG_WARN_SUSPICIOUS_MOVE = YES;
				CLANG_WARN_UNREACHABLE_CODE = YES;
				CLANG_WARN__DUPLICATE_METHOD_MATCH = YES;
				"CODE_SIGN_IDENTITY[sdk=iphoneos*]" = "iPhone Developer";
				COPY_PHASE_STRIP = NO;
				DEBUG_INFORMATION_FORMAT = dwarf;
				ENABLE_STRICT_OBJC_MSGSEND = YES;
				ENABLE_TESTABILITY = YES;
				GCC_C_LANGUAGE_STANDARD = gnu99;
				GCC_DYNAMIC_NO_PIC = NO;
				GCC_NO_COMMON_BLOCKS = YES;
				GCC_OPTIMIZATION_LEVEL = 0;
				GCC_PREPROCESSOR_DEFINITIONS = (
					"DEBUG=1",
					"$(inherited)",
				);
				GCC_WARN_64_TO_32_BIT_CONVERSION = YES;
				GCC_WARN_ABOUT_RETURN_TYPE = YES_ERROR;
				GCC_WARN_UNDECLARED_SELECTOR = YES;
				GCC_WARN_UNINITIALIZED_AUTOS = YES_AGGRESSIVE;
				GCC_WARN_UNUSED_FUNCTION = YES;
				GCC_WARN_UNUSED_VARIABLE = YES;
				IPHONEOS_DEPLOYMENT_TARGET = 10.2;
				MTL_ENABLE_DEBUG_INFO = YES;
				ONLY_ACTIVE_ARCH = YES;
				SDKROOT = iphoneos;
				SWIFT_ACTIVE_COMPILATION_CONDITIONS = DEBUG;
				SWIFT_OPTIMIZATION_LEVEL = "-Onone";
				TARGETED_DEVICE_FAMILY = "1,2";
			};
			name = Debug;
		};
		C692CFDA1ED9853000A80D11 /* Release */ = {
			isa = XCBuildConfiguration;
			buildSettings = {
				ALWAYS_SEARCH_USER_PATHS = NO;
				CLANG_ANALYZER_NONNULL = YES;
				CLANG_CXX_LANGUAGE_STANDARD = "gnu++0x";
				CLANG_CXX_LIBRARY = "libc++";
				CLANG_ENABLE_MODULES = YES;
				CLANG_ENABLE_OBJC_ARC = YES;
				CLANG_WARN_BOOL_CONVERSION = YES;
				CLANG_WARN_CONSTANT_CONVERSION = YES;
				CLANG_WARN_DIRECT_OBJC_ISA_USAGE = YES_ERROR;
				CLANG_WARN_DOCUMENTATION_COMMENTS = YES;
				CLANG_WARN_EMPTY_BODY = YES;
				CLANG_WARN_ENUM_CONVERSION = YES;
				CLANG_WARN_INFINITE_RECURSION = YES;
				CLANG_WARN_INT_CONVERSION = YES;
				CLANG_WARN_OBJC_ROOT_CLASS = YES_ERROR;
				CLANG_WARN_SUSPICIOUS_MOVE = YES;
				CLANG_WARN_UNREACHABLE_CODE = YES;
				CLANG_WARN__DUPLICATE_METHOD_MATCH = YES;
				"CODE_SIGN_IDENTITY[sdk=iphoneos*]" = "iPhone Developer";
				COPY_PHASE_STRIP = NO;
				DEBUG_INFORMATION_FORMAT = "dwarf-with-dsym";
				ENABLE_NS_ASSERTIONS = NO;
				ENABLE_STRICT_OBJC_MSGSEND = YES;
				GCC_C_LANGUAGE_STANDARD = gnu99;
				GCC_NO_COMMON_BLOCKS = YES;
				GCC_WARN_64_TO_32_BIT_CONVERSION = YES;
				GCC_WARN_ABOUT_RETURN_TYPE = YES_ERROR;
				GCC_WARN_UNDECLARED_SELECTOR = YES;
				GCC_WARN_UNINITIALIZED_AUTOS = YES_AGGRESSIVE;
				GCC_WARN_UNUSED_FUNCTION = YES;
				GCC_WARN_UNUSED_VARIABLE = YES;
				IPHONEOS_DEPLOYMENT_TARGET = 10.2;
				MTL_ENABLE_DEBUG_INFO = NO;
				SDKROOT = iphoneos;
				SWIFT_OPTIMIZATION_LEVEL = "-Owholemodule";
				TARGETED_DEVICE_FAMILY = "1,2";
				VALIDATE_PRODUCT = YES;
			};
			name = Release;
		};
		C692CFDC1ED9853000A80D11 /* Debug */ = {
			isa = XCBuildConfiguration;
			baseConfigurationReference = AF685FDBF371D411F564A815 /* Pods-Pokedex.debug.xcconfig */;
			buildSettings = {
				ASSETCATALOG_COMPILER_APPICON_NAME = AppIcon;
				DEVELOPMENT_TEAM = V5L9D6NWDM;
				INFOPLIST_FILE = Pokedex/Info.plist;
				LD_RUNPATH_SEARCH_PATHS = "$(inherited) @executable_path/Frameworks";
				PRODUCT_BUNDLE_IDENTIFIER = com.alium.Pokedex;
				PRODUCT_NAME = "$(TARGET_NAME)";
				SWIFT_VERSION = 3.0;
			};
			name = Debug;
		};
		C692CFDD1ED9853000A80D11 /* Release */ = {
			isa = XCBuildConfiguration;
			baseConfigurationReference = 5B31A06CBBAA807D699FC38B /* Pods-Pokedex.release.xcconfig */;
			buildSettings = {
				ASSETCATALOG_COMPILER_APPICON_NAME = AppIcon;
				DEVELOPMENT_TEAM = V5L9D6NWDM;
				INFOPLIST_FILE = Pokedex/Info.plist;
				LD_RUNPATH_SEARCH_PATHS = "$(inherited) @executable_path/Frameworks";
				PRODUCT_BUNDLE_IDENTIFIER = com.alium.Pokedex;
				PRODUCT_NAME = "$(TARGET_NAME)";
				SWIFT_VERSION = 3.0;
			};
			name = Release;
		};
/* End XCBuildConfiguration section */

/* Begin XCConfigurationList section */
		C692CFC41ED9852F00A80D11 /* Build configuration list for PBXProject "Pokedex" */ = {
			isa = XCConfigurationList;
			buildConfigurations = (
				C692CFD91ED9853000A80D11 /* Debug */,
				C692CFDA1ED9853000A80D11 /* Release */,
			);
			defaultConfigurationIsVisible = 0;
			defaultConfigurationName = Release;
		};
		C692CFDB1ED9853000A80D11 /* Build configuration list for PBXNativeTarget "Pokedex" */ = {
			isa = XCConfigurationList;
			buildConfigurations = (
				C692CFDC1ED9853000A80D11 /* Debug */,
				C692CFDD1ED9853000A80D11 /* Release */,
			);
			defaultConfigurationIsVisible = 0;
			defaultConfigurationName = Release;
		};
/* End XCConfigurationList section */
	};
	rootObject = C692CFC11ED9852F00A80D11 /* Project object */;
}
